# This file is automatically @generated by Cargo.
# It is not intended for manual editing.
version = 3

[[package]]
name = "glam"
version = "0.24.2"
source = "registry+https://github.com/rust-lang/crates.io-index"
checksum = "b5418c17512bdf42730f9032c74e1ae39afc408745ebb2acf72fbc4691c17945"

[[package]]
name = "grid"
version = "0.15.0"
source = "registry+https://github.com/rust-lang/crates.io-index"
checksum = "36119f3a540b086b4e436bb2b588cf98a68863470e0e880f4d0842f112a3183a"

[[package]]
name = "grids"
version = "0.2.3"
source = "registry+https://github.com/rust-lang/crates.io-index"
checksum = "5dd88e4cce43ed103a98f4ea90b0638bab12803069e2626a8f6f1b37f32e2577"
dependencies = [
 "glam",
]

[[package]]
name = "part_1"
version = "0.1.0"
dependencies = [
 "grid",
 "grids",
 "point",
]

[[package]]
name = "point"
version = "0.3.1"
source = "registry+https://github.com/rust-lang/crates.io-index"
checksum = "2c0f96044f2d29fd00c4c28ebfc55016e552ffe88c55812099994c326e47e611"
